
Microsoft Visual Studio Solution File, Format Version 12.00
# Visual Studio Version 17
VisualStudioVersion = 17.7.34221.43
MinimumVisualStudioVersion = 10.0.40219.1
Project("{8BC9CEB8-8B4A-11D0-8D11-00A0C91BC942}") = "Program", "Program.vcxproj", "{9FBED60A-380F-4188-A5CC-847D46EBDA23}"
EndProject
Project("{8BC9CEB8-8B4A-11D0-8D11-00A0C91BC942}") = "Class1st (Brute Force)", "..\Class1st (Brute Force)\Class1st (Brute Force).vcxproj", "{3399FAB2-F236-446B-BD7A-8506349ABAB6}"
EndProject
Project("{8BC9CEB8-8B4A-11D0-8D11-00A0C91BC942}") = "Class2nd (Sieve of Eratosthenes)", "..\Class2nd (Sieve of Eratosthenes)\Class2nd (Sieve of Eratosthenes).vcxproj", "{52B7D5FA-6AEB-433D-9DC7-443F5343E3FA}"
EndProject
Project("{8BC9CEB8-8B4A-11D0-8D11-00A0C91BC942}") = "Class3rd(Bubble Sort)", "..\Class3rd(Bubble Sort)\Class3rd(Bubble Sort).vcxproj", "{4C79114D-9D4A-4B8A-ADD5-98C89D009206}"
EndProject
Project("{8BC9CEB8-8B4A-11D0-8D11-00A0C91BC942}") = "Class4th(Selection Sort)", "..\Class4th(Selection Sort\Class4th(Selection Sort.vcxproj", "{96D29DE0-096B-4F44-B041-C759EF2DCBA8}"
EndProject
Project("{8BC9CEB8-8B4A-11D0-8D11-00A0C91BC942}") = "Class5th(Insert Sort)", "..\Class5th(Insert Sort)\Class5th(Insert Sort).vcxproj", "{495171A8-E7DE-4815-A7B5-89B3768ACEEE}"
EndProject
Project("{8BC9CEB8-8B4A-11D0-8D11-00A0C91BC942}") = "Class6th(Two Pointer)", "..\Class6th(Two Pointer)\Class6th(Two Pointer).vcxproj", "{D6B49F02-750C-4EE8-B13B-6A7B1A7714A0}"
EndProject
Project("{8BC9CEB8-8B4A-11D0-8D11-00A0C91BC942}") = "Class7th (Binary Search)", "..\Class7th (Binary Search)\Class7th (Binary Search).vcxproj", "{AB82AF7E-27AE-45F0-B30D-6E59CF709A81}"
EndProject
Project("{8BC9CEB8-8B4A-11D0-8D11-00A0C91BC942}") = "Class8th (Divide and Conquer)", "..\Class8th (Divide and Conquer)\Class8th (Divide and Conquer).vcxproj", "{3722421A-F2B5-44A7-B7CD-BE8B9D31F337}"
EndProject
Project("{8BC9CEB8-8B4A-11D0-8D11-00A0C91BC942}") = "Class9th (Quick Sort)", "..\Class9th (Quick Sort)\Class9th (Quick Sort).vcxproj", "{E50B6211-5DAE-4A53-99E8-633BE4B99E68}"
EndProject
Project("{8BC9CEB8-8B4A-11D0-8D11-00A0C91BC942}") = "Class10th (Merge Sort)", "..\Class10th (Merge Sort)\Class10th (Merge Sort).vcxproj", "{560A0F63-62D0-4688-B6B8-FF851FB21631}"
EndProject
Global
	GlobalSection(SolutionConfigurationPlatforms) = preSolution
		Debug|x64 = Debug|x64
		Debug|x86 = Debug|x86
		Release|x64 = Release|x64
		Release|x86 = Release|x86
	EndGlobalSection
	GlobalSection(ProjectConfigurationPlatforms) = postSolution
		{9FBED60A-380F-4188-A5CC-847D46EBDA23}.Debug|x64.ActiveCfg = Debug|x64
		{9FBED60A-380F-4188-A5CC-847D46EBDA23}.Debug|x64.Build.0 = Debug|x64
		{9FBED60A-380F-4188-A5CC-847D46EBDA23}.Debug|x86.ActiveCfg = Debug|Win32
		{9FBED60A-380F-4188-A5CC-847D46EBDA23}.Debug|x86.Build.0 = Debug|Win32
		{9FBED60A-380F-4188-A5CC-847D46EBDA23}.Release|x64.ActiveCfg = Release|x64
		{9FBED60A-380F-4188-A5CC-847D46EBDA23}.Release|x64.Build.0 = Release|x64
		{9FBED60A-380F-4188-A5CC-847D46EBDA23}.Release|x86.ActiveCfg = Release|Win32
		{9FBED60A-380F-4188-A5CC-847D46EBDA23}.Release|x86.Build.0 = Release|Win32
		{3399FAB2-F236-446B-BD7A-8506349ABAB6}.Debug|x64.ActiveCfg = Debug|x64
		{3399FAB2-F236-446B-BD7A-8506349ABAB6}.Debug|x64.Build.0 = Debug|x64
		{3399FAB2-F236-446B-BD7A-8506349ABAB6}.Debug|x86.ActiveCfg = Debug|Win32
		{3399FAB2-F236-446B-BD7A-8506349ABAB6}.Debug|x86.Build.0 = Debug|Win32
		{3399FAB2-F236-446B-BD7A-8506349ABAB6}.Release|x64.ActiveCfg = Release|x64
		{3399FAB2-F236-446B-BD7A-8506349ABAB6}.Release|x64.Build.0 = Release|x64
		{3399FAB2-F236-446B-BD7A-8506349ABAB6}.Release|x86.ActiveCfg = Release|Win32
		{3399FAB2-F236-446B-BD7A-8506349ABAB6}.Release|x86.Build.0 = Release|Win32
		{52B7D5FA-6AEB-433D-9DC7-443F5343E3FA}.Debug|x64.ActiveCfg = Debug|x64
		{52B7D5FA-6AEB-433D-9DC7-443F5343E3FA}.Debug|x64.Build.0 = Debug|x64
		{52B7D5FA-6AEB-433D-9DC7-443F5343E3FA}.Debug|x86.ActiveCfg = Debug|Win32
		{52B7D5FA-6AEB-433D-9DC7-443F5343E3FA}.Debug|x86.Build.0 = Debug|Win32
		{52B7D5FA-6AEB-433D-9DC7-443F5343E3FA}.Release|x64.ActiveCfg = Release|x64
		{52B7D5FA-6AEB-433D-9DC7-443F5343E3FA}.Release|x64.Build.0 = Release|x64
		{52B7D5FA-6AEB-433D-9DC7-443F5343E3FA}.Release|x86.ActiveCfg = Release|Win32
		{52B7D5FA-6AEB-433D-9DC7-443F5343E3FA}.Release|x86.Build.0 = Release|Win32
		{4C79114D-9D4A-4B8A-ADD5-98C89D009206}.Debug|x64.ActiveCfg = Debug|x64
		{4C79114D-9D4A-4B8A-ADD5-98C89D009206}.Debug|x64.Build.0 = Debug|x64
		{4C79114D-9D4A-4B8A-ADD5-98C89D009206}.Debug|x86.ActiveCfg = Debug|Win32
		{4C79114D-9D4A-4B8A-ADD5-98C89D009206}.Debug|x86.Build.0 = Debug|Win32
		{4C79114D-9D4A-4B8A-ADD5-98C89D009206}.Release|x64.ActiveCfg = Release|x64
		{4C79114D-9D4A-4B8A-ADD5-98C89D009206}.Release|x64.Build.0 = Release|x64
		{4C79114D-9D4A-4B8A-ADD5-98C89D009206}.Release|x86.ActiveCfg = Release|Win32
		{4C79114D-9D4A-4B8A-ADD5-98C89D009206}.Release|x86.Build.0 = Release|Win32
		{96D29DE0-096B-4F44-B041-C759EF2DCBA8}.Debug|x64.ActiveCfg = Debug|x64
		{96D29DE0-096B-4F44-B041-C759EF2DCBA8}.Debug|x64.Build.0 = Debug|x64
		{96D29DE0-096B-4F44-B041-C759EF2DCBA8}.Debug|x86.ActiveCfg = Debug|Win32
		{96D29DE0-096B-4F44-B041-C759EF2DCBA8}.Debug|x86.Build.0 = Debug|Win32
		{96D29DE0-096B-4F44-B041-C759EF2DCBA8}.Release|x64.ActiveCfg = Release|x64
		{96D29DE0-096B-4F44-B041-C759EF2DCBA8}.Release|x64.Build.0 = Release|x64
		{96D29DE0-096B-4F44-B041-C759EF2DCBA8}.Release|x86.ActiveCfg = Release|Win32
		{96D29DE0-096B-4F44-B041-C759EF2DCBA8}.Release|x86.Build.0 = Release|Win32
		{495171A8-E7DE-4815-A7B5-89B3768ACEEE}.Debug|x64.ActiveCfg = Debug|x64
		{495171A8-E7DE-4815-A7B5-89B3768ACEEE}.Debug|x64.Build.0 = Debug|x64
		{495171A8-E7DE-4815-A7B5-89B3768ACEEE}.Debug|x86.ActiveCfg = Debug|Win32
		{495171A8-E7DE-4815-A7B5-89B3768ACEEE}.Debug|x86.Build.0 = Debug|Win32
		{495171A8-E7DE-4815-A7B5-89B3768ACEEE}.Release|x64.ActiveCfg = Release|x64
		{495171A8-E7DE-4815-A7B5-89B3768ACEEE}.Release|x64.Build.0 = Release|x64
		{495171A8-E7DE-4815-A7B5-89B3768ACEEE}.Release|x86.ActiveCfg = Release|Win32
		{495171A8-E7DE-4815-A7B5-89B3768ACEEE}.Release|x86.Build.0 = Release|Win32
		{D6B49F02-750C-4EE8-B13B-6A7B1A7714A0}.Debug|x64.ActiveCfg = Debug|x64
		{D6B49F02-750C-4EE8-B13B-6A7B1A7714A0}.Debug|x64.Build.0 = Debug|x64
		{D6B49F02-750C-4EE8-B13B-6A7B1A7714A0}.Debug|x86.ActiveCfg = Debug|Win32
		{D6B49F02-750C-4EE8-B13B-6A7B1A7714A0}.Debug|x86.Build.0 = Debug|Win32
		{D6B49F02-750C-4EE8-B13B-6A7B1A7714A0}.Release|x64.ActiveCfg = Release|x64
		{D6B49F02-750C-4EE8-B13B-6A7B1A7714A0}.Release|x64.Build.0 = Release|x64
		{D6B49F02-750C-4EE8-B13B-6A7B1A7714A0}.Release|x86.ActiveCfg = Release|Win32
		{D6B49F02-750C-4EE8-B13B-6A7B1A7714A0}.Release|x86.Build.0 = Release|Win32
		{AB82AF7E-27AE-45F0-B30D-6E59CF709A81}.Debug|x64.ActiveCfg = Debug|x64
		{AB82AF7E-27AE-45F0-B30D-6E59CF709A81}.Debug|x64.Build.0 = Debug|x64
		{AB82AF7E-27AE-45F0-B30D-6E59CF709A81}.Debug|x86.ActiveCfg = Debug|Win32
		{AB82AF7E-27AE-45F0-B30D-6E59CF709A81}.Debug|x86.Build.0 = Debug|Win32
		{AB82AF7E-27AE-45F0-B30D-6E59CF709A81}.Release|x64.ActiveCfg = Release|x64
		{AB82AF7E-27AE-45F0-B30D-6E59CF709A81}.Release|x64.Build.0 = Release|x64
		{AB82AF7E-27AE-45F0-B30D-6E59CF709A81}.Release|x86.ActiveCfg = Release|Win32
		{AB82AF7E-27AE-45F0-B30D-6E59CF709A81}.Release|x86.Build.0 = Release|Win32
		{3722421A-F2B5-44A7-B7CD-BE8B9D31F337}.Debug|x64.ActiveCfg = Debug|x64
		{3722421A-F2B5-44A7-B7CD-BE8B9D31F337}.Debug|x64.Build.0 = Debug|x64
		{3722421A-F2B5-44A7-B7CD-BE8B9D31F337}.Debug|x86.ActiveCfg = Debug|Win32
		{3722421A-F2B5-44A7-B7CD-BE8B9D31F337}.Debug|x86.Build.0 = Debug|Win32
		{3722421A-F2B5-44A7-B7CD-BE8B9D31F337}.Release|x64.ActiveCfg = Release|x64
		{3722421A-F2B5-44A7-B7CD-BE8B9D31F337}.Release|x64.Build.0 = Release|x64
		{3722421A-F2B5-44A7-B7CD-BE8B9D31F337}.Release|x86.ActiveCfg = Release|Win32
		{3722421A-F2B5-44A7-B7CD-BE8B9D31F337}.Release|x86.Build.0 = Release|Win32
		{E50B6211-5DAE-4A53-99E8-633BE4B99E68}.Debug|x64.ActiveCfg = Debug|x64
		{E50B6211-5DAE-4A53-99E8-633BE4B99E68}.Debug|x64.Build.0 = Debug|x64
		{E50B6211-5DAE-4A53-99E8-633BE4B99E68}.Debug|x86.ActiveCfg = Debug|Win32
		{E50B6211-5DAE-4A53-99E8-633BE4B99E68}.Debug|x86.Build.0 = Debug|Win32
		{E50B6211-5DAE-4A53-99E8-633BE4B99E68}.Release|x64.ActiveCfg = Release|x64
		{E50B6211-5DAE-4A53-99E8-633BE4B99E68}.Release|x64.Build.0 = Release|x64
		{E50B6211-5DAE-4A53-99E8-633BE4B99E68}.Release|x86.ActiveCfg = Release|Win32
		{E50B6211-5DAE-4A53-99E8-633BE4B99E68}.Release|x86.Build.0 = Release|Win32
		{560A0F63-62D0-4688-B6B8-FF851FB21631}.Debug|x64.ActiveCfg = Debug|x64
		{560A0F63-62D0-4688-B6B8-FF851FB21631}.Debug|x64.Build.0 = Debug|x64
		{560A0F63-62D0-4688-B6B8-FF851FB21631}.Debug|x86.ActiveCfg = Debug|Win32
		{560A0F63-62D0-4688-B6B8-FF851FB21631}.Debug|x86.Build.0 = Debug|Win32
		{560A0F63-62D0-4688-B6B8-FF851FB21631}.Release|x64.ActiveCfg = Release|x64
		{560A0F63-62D0-4688-B6B8-FF851FB21631}.Release|x64.Build.0 = Release|x64
		{560A0F63-62D0-4688-B6B8-FF851FB21631}.Release|x86.ActiveCfg = Release|Win32
		{560A0F63-62D0-4688-B6B8-FF851FB21631}.Release|x86.Build.0 = Release|Win32
	EndGlobalSection
	GlobalSection(SolutionProperties) = preSolution
		HideSolutionNode = FALSE
	EndGlobalSection
	GlobalSection(ExtensibilityGlobals) = postSolution
		SolutionGuid = {820693D6-BFD5-4E70-9C62-9627C37366EB}
	EndGlobalSection
EndGlobal
